{
  "name": "anim-spider",
  "version": "1.0.0",
  "lockfileVersion": 1,
  "requires": true,
  "dependencies": {
    "@prisma/client": {
      "version": "3.4.2",
      "resolved": "https://registry.npmmirror.com/@prisma/client/download/@prisma/client-3.4.2.tgz",
      "integrity": "sha512-HyQGq9m1V99zpNSJ/FojZJnvzqWUd18ErIXwxLzSuurS23XlhHEPtxgpxJaegBmjsr/KCYqcXFOPmM1gRLpI0w==",
      "requires": {
        "@prisma/engines-version": "3.4.1-2.57771c0558568c7d08bd34c7248af5244ae16bd9"
      }
    },
    "@prisma/engines": {
      "version": "3.4.1-2.57771c0558568c7d08bd34c7248af5244ae16bd9",
      "resolved": "https://registry.npmmirror.com/@prisma/engines/download/@prisma/engines-3.4.1-2.57771c0558568c7d08bd34c7248af5244ae16bd9.tgz",
      "integrity": "sha1-jlU0v+JVIQwptRgfaUyazTLVWMI=",
      "dev": true
    },
    "@prisma/engines-version": {
      "version": "3.4.1-2.57771c0558568c7d08bd34c7248af5244ae16bd9",
      "resolved": "https://registry.npmmirror.com/@prisma/engines-version/download/@prisma/engines-version-3.4.1-2.57771c0558568c7d08bd34c7248af5244ae16bd9.tgz",
      "integrity": "sha1-rZIsRhuupBbsJq0zoUTHCufpl9Q="
    },
    "async": {
      "version": "3.2.2",
      "resolved": "https://registry.npmmirror.com/async/download/async-3.2.2.tgz",
      "integrity": "sha1-LrdnEDS7IZTUXTDjHiTsfn+WcM0="
    },
    "axios": {
      "version": "0.24.0",
      "resolved": "https://registry.npmmirror.com/axios/download/axios-0.24.0.tgz",
      "integrity": "sha1-gE5voeS5xSiFAd2d/1anoJQNINY=",
      "dev": true,
      "requires": {
        "follow-redirects": "^1.14.4"
      }
    },
    "boolbase": {
      "version": "1.0.0",
      "resolved": "https://registry.npm.taobao.org/boolbase/download/boolbase-1.0.0.tgz",
      "integrity": "sha1-aN/1++YMUes3cl6p4+0xDcwed24=",
      "dev": true
    },
    "cheerio": {
      "version": "1.0.0-rc.10",
      "resolved": "https://registry.nlark.com/cheerio/download/cheerio-1.0.0-rc.10.tgz?cache=0&sync_timestamp=1623167586610&other_urls=https%3A%2F%2Fregistry.nlark.com%2Fcheerio%2Fdownload%2Fcheerio-1.0.0-rc.10.tgz",
      "integrity": "sha1-K6Pc38wm55VvwfRA5h1RxkM3nz4=",
      "dev": true,
      "requires": {
        "cheerio-select": "^1.5.0",
        "dom-serializer": "^1.3.2",
        "domhandler": "^4.2.0",
        "htmlparser2": "^6.1.0",
        "parse5": "^6.0.1",
        "parse5-htmlparser2-tree-adapter": "^6.0.1",
        "tslib": "^2.2.0"
      }
    },
    "cheerio-select": {
      "version": "1.5.0",
      "resolved": "https://registry.nlark.com/cheerio-select/download/cheerio-select-1.5.0.tgz",
      "integrity": "sha1-+vPa6zGxfF4anavO4oiq+Kr6WCM=",
      "dev": true,
      "requires": {
        "css-select": "^4.1.3",
        "css-what": "^5.0.1",
        "domelementtype": "^2.2.0",
        "domhandler": "^4.2.0",
        "domutils": "^2.7.0"
      }
    },
    "css-select": {
      "version": "4.1.3",
      "resolved": "https://registry.nlark.com/css-select/download/css-select-4.1.3.tgz",
      "integrity": "sha1-pwRA9wMX8maRGK10/xBeZYSccGc=",
      "dev": true,
      "requires": {
        "boolbase": "^1.0.0",
        "css-what": "^5.0.0",
        "domhandler": "^4.2.0",
        "domutils": "^2.6.0",
        "nth-check": "^2.0.0"
      }
    },
    "css-what": {
      "version": "5.1.0",
      "resolved": "https://registry.npmmirror.com/css-what/download/css-what-5.1.0.tgz",
      "integrity": "sha1-P3tweq32M7r2LCzrhXm1RbtA9/4=",
      "dev": true
    },
    "denque": {
      "version": "1.5.1",
      "resolved": "https://registry.nlark.com/denque/download/denque-1.5.1.tgz?cache=0&sync_timestamp=1630410295353&other_urls=https%3A%2F%2Fregistry.nlark.com%2Fdenque%2Fdownload%2Fdenque-1.5.1.tgz",
      "integrity": "sha1-B/Zw4pyaePj67LJWah4sEZKcXL8="
    },
    "dom-serializer": {
      "version": "1.3.2",
      "resolved": "https://registry.nlark.com/dom-serializer/download/dom-serializer-1.3.2.tgz?cache=0&sync_timestamp=1621256858583&other_urls=https%3A%2F%2Fregistry.nlark.com%2Fdom-serializer%2Fdownload%2Fdom-serializer-1.3.2.tgz",
      "integrity": "sha1-YgZDfTLO767HFhgDIwx6ILwbTZE=",
      "dev": true,
      "requires": {
        "domelementtype": "^2.0.1",
        "domhandler": "^4.2.0",
        "entities": "^2.0.0"
      }
    },
    "domelementtype": {
      "version": "2.2.0",
      "resolved": "https://registry.npm.taobao.org/domelementtype/download/domelementtype-2.2.0.tgz",
      "integrity": "sha1-mgtsJ4LtahxzI9QiZxg9+b2LHVc=",
      "dev": true
    },
    "domhandler": {
      "version": "4.2.2",
      "resolved": "https://registry.nlark.com/domhandler/download/domhandler-4.2.2.tgz?cache=0&sync_timestamp=1630246778110&other_urls=https%3A%2F%2Fregistry.nlark.com%2Fdomhandler%2Fdownload%2Fdomhandler-4.2.2.tgz",
      "integrity": "sha1-6CXXIdGahrjCAaNSZOImxnjudV8=",
      "dev": true,
      "requires": {
        "domelementtype": "^2.2.0"
      }
    },
    "domutils": {
      "version": "2.8.0",
      "resolved": "https://registry.nlark.com/domutils/download/domutils-2.8.0.tgz?cache=0&sync_timestamp=1630106606599&other_urls=https%3A%2F%2Fregistry.nlark.com%2Fdomutils%2Fdownload%2Fdomutils-2.8.0.tgz",
      "integrity": "sha1-RDfe9dtuLR9dbuhZvZXKfQIEgTU=",
      "dev": true,
      "requires": {
        "dom-serializer": "^1.0.1",
        "domelementtype": "^2.2.0",
        "domhandler": "^4.2.0"
      }
    },
    "entities": {
      "version": "2.2.0",
      "resolved": "https://registry.nlark.com/entities/download/entities-2.2.0.tgz?cache=0&sync_timestamp=1628508126700&other_urls=https%3A%2F%2Fregistry.nlark.com%2Fentities%2Fdownload%2Fentities-2.2.0.tgz",
      "integrity": "sha1-CY3JDruD2N/6CJ1VJWs1HTTE2lU=",
      "dev": true
    },
    "follow-redirects": {
      "version": "1.14.5",
      "resolved": "https://registry.npmmirror.com/follow-redirects/download/follow-redirects-1.14.5.tgz?cache=0&sync_timestamp=1635857764332&other_urls=https%3A%2F%2Fregistry.npmmirror.com%2Ffollow-redirects%2Fdownload%2Ffollow-redirects-1.14.5.tgz",
      "integrity": "sha1-8JpYSJgdPHcrU5Iwl3hSP42Fw4E=",
      "dev": true
    },
    "htmlparser2": {
      "version": "6.1.0",
      "resolved": "https://registry.npmmirror.com/htmlparser2/download/htmlparser2-6.1.0.tgz?cache=0&sync_timestamp=1636640945377&other_urls=https%3A%2F%2Fregistry.npmmirror.com%2Fhtmlparser2%2Fdownload%2Fhtmlparser2-6.1.0.tgz",
      "integrity": "sha1-xNditsM3GgXb5l6UrkOp+EX7j7c=",
      "dev": true,
      "requires": {
        "domelementtype": "^2.0.1",
        "domhandler": "^4.0.0",
        "domutils": "^2.5.2",
        "entities": "^2.0.0"
      }
    },
    "nth-check": {
      "version": "2.0.1",
      "resolved": "https://registry.nlark.com/nth-check/download/nth-check-2.0.1.tgz",
      "integrity": "sha1-Lv4WL1w9oGoolZ+9PbddvuqfD8I=",
      "dev": true,
      "requires": {
        "boolbase": "^1.0.0"
      }
    },
    "parse5": {
      "version": "6.0.1",
      "resolved": "https://registry.nlark.com/parse5/download/parse5-6.0.1.tgz",
      "integrity": "sha1-4aHAhcVps9wIMhGE8Zo5zCf3wws=",
      "dev": true
    },
    "parse5-htmlparser2-tree-adapter": {
      "version": "6.0.1",
      "resolved": "https://registry.npm.taobao.org/parse5-htmlparser2-tree-adapter/download/parse5-htmlparser2-tree-adapter-6.0.1.tgz?cache=0&sync_timestamp=1596089871187&other_urls=https%3A%2F%2Fregistry.npm.taobao.org%2Fparse5-htmlparser2-tree-adapter%2Fdownload%2Fparse5-htmlparser2-tree-adapter-6.0.1.tgz",
      "integrity": "sha1-LN+a2CMyEUA3DU2/XT6Sx8jdxuY=",
      "dev": true,
      "requires": {
        "parse5": "^6.0.1"
      }
    },
    "prisma": {
      "version": "3.4.2",
      "resolved": "https://registry.npmmirror.com/prisma/download/prisma-3.4.2.tgz",
      "integrity": "sha512-wOD1lni7MfH/Qkp5SAkUthLKG+pQcpD31Nm8nAKj9ESgqId/dy+JDSTYOuk/pySvFyby/A+bsAPWIaVmo7qqhQ==",
      "dev": true,
      "requires": {
        "@prisma/engines": "3.4.1-2.57771c0558568c7d08bd34c7248af5244ae16bd9"
      }
    },
    "redis": {
      "version": "3.1.2",
      "resolved": "https://registry.npmmirror.com/redis/download/redis-3.1.2.tgz",
      "integrity": "sha1-dmhREX6AZT0j4O1TYlRnerZHY4w=",
      "requires": {
        "denque": "^1.5.0",
        "redis-commands": "^1.7.0",
        "redis-errors": "^1.2.0",
        "redis-parser": "^3.0.0"
      }
    },
    "redis-commands": {
      "version": "1.7.0",
      "resolved": "https://registry.npm.taobao.org/redis-commands/download/redis-commands-1.7.0.tgz",
      "integrity": "sha1-Fab+otWCgeJ7HNGs+0spPieMOok="
    },
    "redis-errors": {
      "version": "1.2.0",
      "resolved": "https://registry.nlark.com/redis-errors/download/redis-errors-1.2.0.tgz",
      "integrity": "sha1-62LSrbFeTq9GEMBK/hUpOEJQq60="
    },
    "redis-parser": {
      "version": "3.0.0",
      "resolved": "https://registry.npm.taobao.org/redis-parser/download/redis-parser-3.0.0.tgz",
      "integrity": "sha1-tm2CjNyv5rS4pCin3vTGvKwxyLQ=",
      "requires": {
        "redis-errors": "^1.0.0"
      }
    },
    "tslib": {
      "version": "2.3.1",
      "resolved": "https://registry.nlark.com/tslib/download/tslib-2.3.1.tgz",
      "integrity": "sha1-6KM1rdXOrlGqJh0ypJAVjvBC7wE=",
      "dev": true
    }
  }
}
